{
  "originHash" : "2b85fd47bc1efc7dcc1bf53ee485e43285b82d37d087b2a81e18d7432ae4a62d",
  "pins" : [
    {
      "identity" : "bottomsheetui-ios",
      "kind" : "remoteSourceControl",
      "location" : "https://github.com/ayoubElhoucine/BottomSheetUI-iOS.git",
      "state" : {
        "branch" : "main",
        "revision" : "a60a978b963911f46b8d9cd82d17e0555013ee9f"
      }
    },
    {
      "identity" : "ios-maps-sdk",
      "kind" : "remoteSourceControl",
      "location" : "https://github.com/googlemaps/ios-maps-sdk.git",
      "state" : {
        "revision" : "bd392d7d844b49ec6795871a3c25edd01ab839f2",
        "version" : "8.4.0"
      }
    },
    {
      "identity" : "lottie-ios",
      "kind" : "remoteSourceControl",
      "location" : "https://github.com/airbnb/lottie-ios.git",
      "state" : {
        "revision" : "769b88d83a42ca8d5572b020c96f47e3690b3796",
        "version" : "4.4.3"
      }
    },
    {
      "identity" : "realm-core",
      "kind" : "remoteSourceControl",
      "location" : "https://github.com/realm/realm-core.git",
      "state" : {
        "revision" : "a5e87a39cffdcc591f3203c11cfca68100d0b9a6",
        "version" : "13.26.0"
      }
    },
    {
      "identity" : "realm-swift",
      "kind" : "remoteSourceControl",
      "location" : "https://github.com/realm/realm-swift.git",
      "state" : {
        "revision" : "e7f82d1721d99c7149a0af3d0424df9070a1a646",
        "version" : "10.48.1"
      }
    }
  ],
  "version" : 3
}
