{
  "originHash" : "3902b9e53d0d7f10e7a0be131f293676c90b55ba75a4fddd6d6487cd19e8abb8",
  "pins" : [
    {
      "identity" : "ios-maps-sdk",
      "kind" : "remoteSourceControl",
      "location" : "https://github.com/googlemaps/ios-maps-sdk.git",
      "state" : {
        "revision" : "bd392d7d844b49ec6795871a3c25edd01ab839f2",
        "version" : "8.4.0"
      }
    },
    {
      "identity" : "realm-core",
      "kind" : "remoteSourceControl",
      "location" : "https://github.com/realm/realm-core.git",
      "state" : {
        "revision" : "9cf7ef4ad8e2f4c7a519c9a395ca3d253bb87aa8",
        "version" : "14.6.2"
      }
    },
    {
      "identity" : "realm-swift",
      "kind" : "remoteSourceControl",
      "location" : "https://github.com/realm/realm-swift.git",
      "state" : {
        "branch" : "master",
        "revision" : "a478ed826130f1a2419dbe19a26bd3fd905258d1"
      }
    }
  ],
  "version" : 3
}
