// !$*UTF8*$!
{
	archiveVersion = 1;
	classes = {
	};
	objectVersion = 56;
	objects = {

/* Begin PBXBuildFile section */
		FA2950DA2BF9ED08001BD6EF /* YassirPartnerApp.swift in Sources */ = {isa = PBXBuildFile; fileRef = FA2950D92BF9ED08001BD6EF /* YassirPartnerApp.swift */; };
		FA2950DC2BF9ED08001BD6EF /* ContentView.swift in Sources */ = {isa = PBXBuildFile; fileRef = FA2950DB2BF9ED08001BD6EF /* ContentView.swift */; };
		FA2950DE2BF9ED0B001BD6EF /* Assets.xcassets in Resources */ = {isa = PBXBuildFile; fileRef = FA2950DD2BF9ED0B001BD6EF /* Assets.xcassets */; };
		FA2950E12BF9ED0B001BD6EF /* Preview Assets.xcassets in Resources */ = {isa = PBXBuildFile; fileRef = FA2950E02BF9ED0B001BD6EF /* Preview Assets.xcassets */; };
		FA2950EE2BF9F341001BD6EF /* LocationManager.swift in Sources */ = {isa = PBXBuildFile; fileRef = FA2950ED2BF9F341001BD6EF /* LocationManager.swift */; };
		FA2950F22BF9F4EC001BD6EF /* Realm in Frameworks */ = {isa = PBXBuildFile; productRef = FA2950F12BF9F4EC001BD6EF /* Realm */; };
		FA2950F42BF9F4EC001BD6EF /* RealmSwift in Frameworks */ = {isa = PBXBuildFile; productRef = FA2950F32BF9F4EC001BD6EF /* RealmSwift */; };
		FA2950F62BF9FA79001BD6EF /* OpenRealmView.swift in Sources */ = {isa = PBXBuildFile; fileRef = FA2950F52BF9FA79001BD6EF /* OpenRealmView.swift */; };
		FA2950F92BF9FB04001BD6EF /* RealmManager.swift in Sources */ = {isa = PBXBuildFile; fileRef = FA2950F82BF9FB04001BD6EF /* RealmManager.swift */; };
		FA2950FB2BF9FF21001BD6EF /* RealmConfig.swift in Sources */ = {isa = PBXBuildFile; fileRef = FA2950FA2BF9FF21001BD6EF /* RealmConfig.swift */; };
		FA2950FE2BFA0123001BD6EF /* atlasConfig.plist in Resources */ = {isa = PBXBuildFile; fileRef = FA2950FD2BFA0123001BD6EF /* atlasConfig.plist */; };
		FA2951012BFA022C001BD6EF /* Partner.swift in Sources */ = {isa = PBXBuildFile; fileRef = FA2951002BFA022C001BD6EF /* Partner.swift */; };
		FA2951032BFA253B001BD6EF /* Location.swift in Sources */ = {isa = PBXBuildFile; fileRef = FA2951022BFA253B001BD6EF /* Location.swift */; };
		FA2951052BFA278C001BD6EF /* Mission.swift in Sources */ = {isa = PBXBuildFile; fileRef = FA2951042BFA278C001BD6EF /* Mission.swift */; };
		FA2951072BFA2BAA001BD6EF /* Task.swift in Sources */ = {isa = PBXBuildFile; fileRef = FA2951062BFA2BAA001BD6EF /* Task.swift */; };
/* End PBXBuildFile section */

/* Begin PBXFileReference section */
		FA2950D62BF9ED08001BD6EF /* YassirPartner.app */ = {isa = PBXFileReference; explicitFileType = wrapper.application; includeInIndex = 0; path = YassirPartner.app; sourceTree = BUILT_PRODUCTS_DIR; };
		FA2950D92BF9ED08001BD6EF /* YassirPartnerApp.swift */ = {isa = PBXFileReference; lastKnownFileType = sourcecode.swift; path = YassirPartnerApp.swift; sourceTree = "<group>"; };
		FA2950DB2BF9ED08001BD6EF /* ContentView.swift */ = {isa = PBXFileReference; lastKnownFileType = sourcecode.swift; path = ContentView.swift; sourceTree = "<group>"; };
		FA2950DD2BF9ED0B001BD6EF /* Assets.xcassets */ = {isa = PBXFileReference; lastKnownFileType = folder.assetcatalog; path = Assets.xcassets; sourceTree = "<group>"; };
		FA2950E02BF9ED0B001BD6EF /* Preview Assets.xcassets */ = {isa = PBXFileReference; lastKnownFileType = folder.assetcatalog; path = "Preview Assets.xcassets"; sourceTree = "<group>"; };
		FA2950ED2BF9F341001BD6EF /* LocationManager.swift */ = {isa = PBXFileReference; lastKnownFileType = sourcecode.swift; path = LocationManager.swift; sourceTree = "<group>"; };
		FA2950F52BF9FA79001BD6EF /* OpenRealmView.swift */ = {isa = PBXFileReference; lastKnownFileType = sourcecode.swift; path = OpenRealmView.swift; sourceTree = "<group>"; };
		FA2950F82BF9FB04001BD6EF /* RealmManager.swift */ = {isa = PBXFileReference; lastKnownFileType = sourcecode.swift; path = RealmManager.swift; sourceTree = "<group>"; };
		FA2950FA2BF9FF21001BD6EF /* RealmConfig.swift */ = {isa = PBXFileReference; lastKnownFileType = sourcecode.swift; path = RealmConfig.swift; sourceTree = "<group>"; };
		FA2950FD2BFA0123001BD6EF /* atlasConfig.plist */ = {isa = PBXFileReference; lastKnownFileType = text.plist.xml; path = atlasConfig.plist; sourceTree = "<group>"; };
		FA2951002BFA022C001BD6EF /* Partner.swift */ = {isa = PBXFileReference; lastKnownFileType = sourcecode.swift; path = Partner.swift; sourceTree = "<group>"; };
		FA2951022BFA253B001BD6EF /* Location.swift */ = {isa = PBXFileReference; lastKnownFileType = sourcecode.swift; path = Location.swift; sourceTree = "<group>"; };
		FA2951042BFA278C001BD6EF /* Mission.swift */ = {isa = PBXFileReference; lastKnownFileType = sourcecode.swift; path = Mission.swift; sourceTree = "<group>"; };
		FA2951062BFA2BAA001BD6EF /* Task.swift */ = {isa = PBXFileReference; lastKnownFileType = sourcecode.swift; path = Task.swift; sourceTree = "<group>"; };
/* End PBXFileReference section */

/* Begin PBXFrameworksBuildPhase section */
		FA2950D32BF9ED08001BD6EF /* Frameworks */ = {
			isa = PBXFrameworksBuildPhase;
			buildActionMask = 2147483647;
			files = (
				FA2950F42BF9F4EC001BD6EF /* RealmSwift in Frameworks */,
				FA2950F22BF9F4EC001BD6EF /* Realm in Frameworks */,
			);
			runOnlyForDeploymentPostprocessing = 0;
		};
/* End PBXFrameworksBuildPhase section */

/* Begin PBXGroup section */
		FA2950CD2BF9ED08001BD6EF = {
			isa = PBXGroup;
			children = (
				FA2950FD2BFA0123001BD6EF /* atlasConfig.plist */,
				FA2950D82BF9ED08001BD6EF /* YassirPartner */,
				FA2950D72BF9ED08001BD6EF /* Products */,
			);
			sourceTree = "<group>";
		};
		FA2950D72BF9ED08001BD6EF /* Products */ = {
			isa = PBXGroup;
			children = (
				FA2950D62BF9ED08001BD6EF /* YassirPartner.app */,
			);
			name = Products;
			sourceTree = "<group>";
		};
		FA2950D82BF9ED08001BD6EF /* YassirPartner */ = {
			isa = PBXGroup;
			children = (
				FA2950EB2BF9F23E001BD6EF /* services */,
				FA2950EA2BF9F236001BD6EF /* screens */,
				FA2950E92BF9F229001BD6EF /* ressources */,
				FA2950E82BF9F21F001BD6EF /* extensions */,
				FA2950E72BF9F1A4001BD6EF /* components */,
				FA2950D92BF9ED08001BD6EF /* YassirPartnerApp.swift */,
				FA2950DB2BF9ED08001BD6EF /* ContentView.swift */,
				FA2950DD2BF9ED0B001BD6EF /* Assets.xcassets */,
				FA2950DF2BF9ED0B001BD6EF /* Preview Content */,
			);
			path = YassirPartner;
			sourceTree = "<group>";
		};
		FA2950DF2BF9ED0B001BD6EF /* Preview Content */ = {
			isa = PBXGroup;
			children = (
				FA2950E02BF9ED0B001BD6EF /* Preview Assets.xcassets */,
			);
			path = "Preview Content";
			sourceTree = "<group>";
		};
		FA2950E72BF9F1A4001BD6EF /* components */ = {
			isa = PBXGroup;
			children = (
			);
			path = components;
			sourceTree = "<group>";
		};
		FA2950E82BF9F21F001BD6EF /* extensions */ = {
			isa = PBXGroup;
			children = (
			);
			path = extensions;
			sourceTree = "<group>";
		};
		FA2950E92BF9F229001BD6EF /* ressources */ = {
			isa = PBXGroup;
			children = (
			);
			path = ressources;
			sourceTree = "<group>";
		};
		FA2950EA2BF9F236001BD6EF /* screens */ = {
			isa = PBXGroup;
			children = (
				FA2950F52BF9FA79001BD6EF /* OpenRealmView.swift */,
			);
			path = screens;
			sourceTree = "<group>";
		};
		FA2950EB2BF9F23E001BD6EF /* services */ = {
			isa = PBXGroup;
			children = (
				FA2950FF2BFA01D3001BD6EF /* Models */,
				FA2950F72BF9FAEE001BD6EF /* RealmManager */,
				FA2950EC2BF9F332001BD6EF /* LocationManager */,
			);
			path = services;
			sourceTree = "<group>";
		};
		FA2950EC2BF9F332001BD6EF /* LocationManager */ = {
			isa = PBXGroup;
			children = (
				FA2950ED2BF9F341001BD6EF /* LocationManager.swift */,
			);
			path = LocationManager;
			sourceTree = "<group>";
		};
		FA2950F72BF9FAEE001BD6EF /* RealmManager */ = {
			isa = PBXGroup;
			children = (
				FA2950F82BF9FB04001BD6EF /* RealmManager.swift */,
				FA2950FA2BF9FF21001BD6EF /* RealmConfig.swift */,
			);
			path = RealmManager;
			sourceTree = "<group>";
		};
		FA2950FF2BFA01D3001BD6EF /* Models */ = {
			isa = PBXGroup;
			children = (
				FA2951002BFA022C001BD6EF /* Partner.swift */,
				FA2951022BFA253B001BD6EF /* Location.swift */,
				FA2951042BFA278C001BD6EF /* Mission.swift */,
				FA2951062BFA2BAA001BD6EF /* Task.swift */,
			);
			path = Models;
			sourceTree = "<group>";
		};
/* End PBXGroup section */

/* Begin PBXNativeTarget section */
		FA2950D52BF9ED08001BD6EF /* YassirPartner */ = {
			isa = PBXNativeTarget;
			buildConfigurationList = FA2950E42BF9ED0B001BD6EF /* Build configuration list for PBXNativeTarget "YassirPartner" */;
			buildPhases = (
				FA2950D22BF9ED08001BD6EF /* Sources */,
				FA2950D32BF9ED08001BD6EF /* Frameworks */,
				FA2950D42BF9ED08001BD6EF /* Resources */,
			);
			buildRules = (
			);
			dependencies = (
			);
			name = YassirPartner;
			packageProductDependencies = (
				FA2950F12BF9F4EC001BD6EF /* Realm */,
				FA2950F32BF9F4EC001BD6EF /* RealmSwift */,
			);
			productName = YassirPartner;
			productReference = FA2950D62BF9ED08001BD6EF /* YassirPartner.app */;
			productType = "com.apple.product-type.application";
		};
/* End PBXNativeTarget section */

/* Begin PBXProject section */
		FA2950CE2BF9ED08001BD6EF /* Project object */ = {
			isa = PBXProject;
			attributes = {
				BuildIndependentTargetsInParallel = 1;
				LastSwiftUpdateCheck = 1530;
				LastUpgradeCheck = 1530;
				TargetAttributes = {
					FA2950D52BF9ED08001BD6EF = {
						CreatedOnToolsVersion = 15.3;
					};
				};
			};
			buildConfigurationList = FA2950D12BF9ED08001BD6EF /* Build configuration list for PBXProject "YassirPartner" */;
			compatibilityVersion = "Xcode 14.0";
			developmentRegion = en;
			hasScannedForEncodings = 0;
			knownRegions = (
				en,
				Base,
			);
			mainGroup = FA2950CD2BF9ED08001BD6EF;
			packageReferences = (
				FA2950EF2BF9F48D001BD6EF /* XCRemoteSwiftPackageReference "ios-maps-sdk" */,
				FA2950F02BF9F4EC001BD6EF /* XCRemoteSwiftPackageReference "realm-swift" */,
			);
			productRefGroup = FA2950D72BF9ED08001BD6EF /* Products */;
			projectDirPath = "";
			projectRoot = "";
			targets = (
				FA2950D52BF9ED08001BD6EF /* YassirPartner */,
			);
		};
/* End PBXProject section */

/* Begin PBXResourcesBuildPhase section */
		FA2950D42BF9ED08001BD6EF /* Resources */ = {
			isa = PBXResourcesBuildPhase;
			buildActionMask = 2147483647;
			files = (
				FA2950E12BF9ED0B001BD6EF /* Preview Assets.xcassets in Resources */,
				FA2950FE2BFA0123001BD6EF /* atlasConfig.plist in Resources */,
				FA2950DE2BF9ED0B001BD6EF /* Assets.xcassets in Resources */,
			);
			runOnlyForDeploymentPostprocessing = 0;
		};
/* End PBXResourcesBuildPhase section */

/* Begin PBXSourcesBuildPhase section */
		FA2950D22BF9ED08001BD6EF /* Sources */ = {
			isa = PBXSourcesBuildPhase;
			buildActionMask = 2147483647;
			files = (
				FA2950F62BF9FA79001BD6EF /* OpenRealmView.swift in Sources */,
				FA2950DC2BF9ED08001BD6EF /* ContentView.swift in Sources */,
				FA2951072BFA2BAA001BD6EF /* Task.swift in Sources */,
				FA2951032BFA253B001BD6EF /* Location.swift in Sources */,
				FA2950F92BF9FB04001BD6EF /* RealmManager.swift in Sources */,
				FA2950DA2BF9ED08001BD6EF /* YassirPartnerApp.swift in Sources */,
				FA2951012BFA022C001BD6EF /* Partner.swift in Sources */,
				FA2951052BFA278C001BD6EF /* Mission.swift in Sources */,
				FA2950EE2BF9F341001BD6EF /* LocationManager.swift in Sources */,
				FA2950FB2BF9FF21001BD6EF /* RealmConfig.swift in Sources */,
			);
			runOnlyForDeploymentPostprocessing = 0;
		};
/* End PBXSourcesBuildPhase section */

/* Begin XCBuildConfiguration section */
		FA2950E22BF9ED0B001BD6EF /* Debug */ = {
			isa = XCBuildConfiguration;
			buildSettings = {
				ALWAYS_SEARCH_USER_PATHS = NO;
				ASSETCATALOG_COMPILER_GENERATE_SWIFT_ASSET_SYMBOL_EXTENSIONS = YES;
				CLANG_ANALYZER_NONNULL = YES;
				CLANG_ANALYZER_NUMBER_OBJECT_CONVERSION = YES_AGGRESSIVE;
				CLANG_CXX_LANGUAGE_STANDARD = "gnu++20";
				CLANG_ENABLE_MODULES = YES;
				CLANG_ENABLE_OBJC_ARC = YES;
				CLANG_ENABLE_OBJC_WEAK = YES;
				CLANG_WARN_BLOCK_CAPTURE_AUTORELEASING = YES;
				CLANG_WARN_BOOL_CONVERSION = YES;
				CLANG_WARN_COMMA = YES;
				CLANG_WARN_CONSTANT_CONVERSION = YES;
				CLANG_WARN_DEPRECATED_OBJC_IMPLEMENTATIONS = YES;
				CLANG_WARN_DIRECT_OBJC_ISA_USAGE = YES_ERROR;
				CLANG_WARN_DOCUMENTATION_COMMENTS = YES;
				CLANG_WARN_EMPTY_BODY = YES;
				CLANG_WARN_ENUM_CONVERSION = YES;
				CLANG_WARN_INFINITE_RECURSION = YES;
				CLANG_WARN_INT_CONVERSION = YES;
				CLANG_WARN_NON_LITERAL_NULL_CONVERSION = YES;
				CLANG_WARN_OBJC_IMPLICIT_RETAIN_SELF = YES;
				CLANG_WARN_OBJC_LITERAL_CONVERSION = YES;
				CLANG_WARN_OBJC_ROOT_CLASS = YES_ERROR;
				CLANG_WARN_QUOTED_INCLUDE_IN_FRAMEWORK_HEADER = YES;
				CLANG_WARN_RANGE_LOOP_ANALYSIS = YES;
				CLANG_WARN_STRICT_PROTOTYPES = YES;
				CLANG_WARN_SUSPICIOUS_MOVE = YES;
				CLANG_WARN_UNGUARDED_AVAILABILITY = YES_AGGRESSIVE;
				CLANG_WARN_UNREACHABLE_CODE = YES;
				CLANG_WARN__DUPLICATE_METHOD_MATCH = YES;
				COPY_PHASE_STRIP = NO;
				DEBUG_INFORMATION_FORMAT = dwarf;
				ENABLE_STRICT_OBJC_MSGSEND = YES;
				ENABLE_TESTABILITY = YES;
				ENABLE_USER_SCRIPT_SANDBOXING = YES;
				GCC_C_LANGUAGE_STANDARD = gnu17;
				GCC_DYNAMIC_NO_PIC = NO;
				GCC_NO_COMMON_BLOCKS = YES;
				GCC_OPTIMIZATION_LEVEL = 0;
				GCC_PREPROCESSOR_DEFINITIONS = (
					"DEBUG=1",
					"$(inherited)",
				);
				GCC_WARN_64_TO_32_BIT_CONVERSION = YES;
				GCC_WARN_ABOUT_RETURN_TYPE = YES_ERROR;
				GCC_WARN_UNDECLARED_SELECTOR = YES;
				GCC_WARN_UNINITIALIZED_AUTOS = YES_AGGRESSIVE;
				GCC_WARN_UNUSED_FUNCTION = YES;
				GCC_WARN_UNUSED_VARIABLE = YES;
				IPHONEOS_DEPLOYMENT_TARGET = 17.4;
				LOCALIZATION_PREFERS_STRING_CATALOGS = YES;
				MTL_ENABLE_DEBUG_INFO = INCLUDE_SOURCE;
				MTL_FAST_MATH = YES;
				ONLY_ACTIVE_ARCH = YES;
				SDKROOT = iphoneos;
				SWIFT_ACTIVE_COMPILATION_CONDITIONS = "DEBUG $(inherited)";
				SWIFT_OPTIMIZATION_LEVEL = "-Onone";
			};
			name = Debug;
		};
		FA2950E32BF9ED0B001BD6EF /* Release */ = {
			isa = XCBuildConfiguration;
			buildSettings = {
				ALWAYS_SEARCH_USER_PATHS = NO;
				ASSETCATALOG_COMPILER_GENERATE_SWIFT_ASSET_SYMBOL_EXTENSIONS = YES;
				CLANG_ANALYZER_NONNULL = YES;
				CLANG_ANALYZER_NUMBER_OBJECT_CONVERSION = YES_AGGRESSIVE;
				CLANG_CXX_LANGUAGE_STANDARD = "gnu++20";
				CLANG_ENABLE_MODULES = YES;
				CLANG_ENABLE_OBJC_ARC = YES;
				CLANG_ENABLE_OBJC_WEAK = YES;
				CLANG_WARN_BLOCK_CAPTURE_AUTORELEASING = YES;
				CLANG_WARN_BOOL_CONVERSION = YES;
				CLANG_WARN_COMMA = YES;
				CLANG_WARN_CONSTANT_CONVERSION = YES;
				CLANG_WARN_DEPRECATED_OBJC_IMPLEMENTATIONS = YES;
				CLANG_WARN_DIRECT_OBJC_ISA_USAGE = YES_ERROR;
				CLANG_WARN_DOCUMENTATION_COMMENTS = YES;
				CLANG_WARN_EMPTY_BODY = YES;
				CLANG_WARN_ENUM_CONVERSION = YES;
				CLANG_WARN_INFINITE_RECURSION = YES;
				CLANG_WARN_INT_CONVERSION = YES;
				CLANG_WARN_NON_LITERAL_NULL_CONVERSION = YES;
				CLANG_WARN_OBJC_IMPLICIT_RETAIN_SELF = YES;
				CLANG_WARN_OBJC_LITERAL_CONVERSION = YES;
				CLANG_WARN_OBJC_ROOT_CLASS = YES_ERROR;
				CLANG_WARN_QUOTED_INCLUDE_IN_FRAMEWORK_HEADER = YES;
				CLANG_WARN_RANGE_LOOP_ANALYSIS = YES;
				CLANG_WARN_STRICT_PROTOTYPES = YES;
				CLANG_WARN_SUSPICIOUS_MOVE = YES;
				CLANG_WARN_UNGUARDED_AVAILABILITY = YES_AGGRESSIVE;
				CLANG_WARN_UNREACHABLE_CODE = YES;
				CLANG_WARN__DUPLICATE_METHOD_MATCH = YES;
				COPY_PHASE_STRIP = NO;
				DEBUG_INFORMATION_FORMAT = "dwarf-with-dsym";
				ENABLE_NS_ASSERTIONS = NO;
				ENABLE_STRICT_OBJC_MSGSEND = YES;
				ENABLE_USER_SCRIPT_SANDBOXING = YES;
				GCC_C_LANGUAGE_STANDARD = gnu17;
				GCC_NO_COMMON_BLOCKS = YES;
				GCC_WARN_64_TO_32_BIT_CONVERSION = YES;
				GCC_WARN_ABOUT_RETURN_TYPE = YES_ERROR;
				GCC_WARN_UNDECLARED_SELECTOR = YES;
				GCC_WARN_UNINITIALIZED_AUTOS = YES_AGGRESSIVE;
				GCC_WARN_UNUSED_FUNCTION = YES;
				GCC_WARN_UNUSED_VARIABLE = YES;
				IPHONEOS_DEPLOYMENT_TARGET = 17.4;
				LOCALIZATION_PREFERS_STRING_CATALOGS = YES;
				MTL_ENABLE_DEBUG_INFO = NO;
				MTL_FAST_MATH = YES;
				SDKROOT = iphoneos;
				SWIFT_COMPILATION_MODE = wholemodule;
				VALIDATE_PRODUCT = YES;
			};
			name = Release;
		};
		FA2950E52BF9ED0B001BD6EF /* Debug */ = {
			isa = XCBuildConfiguration;
			buildSettings = {
				ASSETCATALOG_COMPILER_APPICON_NAME = AppIcon;
				ASSETCATALOG_COMPILER_GLOBAL_ACCENT_COLOR_NAME = AccentColor;
				CODE_SIGN_STYLE = Automatic;
				CURRENT_PROJECT_VERSION = 1;
				DEVELOPMENT_ASSET_PATHS = "\"YassirPartner/Preview Content\"";
				DEVELOPMENT_TEAM = 4S9KHKZW78;
				ENABLE_PREVIEWS = YES;
				GENERATE_INFOPLIST_FILE = YES;
				INFOPLIST_KEY_UIApplicationSceneManifest_Generation = YES;
				INFOPLIST_KEY_UIApplicationSupportsIndirectInputEvents = YES;
				INFOPLIST_KEY_UILaunchScreen_Generation = YES;
				INFOPLIST_KEY_UISupportedInterfaceOrientations_iPad = "UIInterfaceOrientationPortrait UIInterfaceOrientationPortraitUpsideDown UIInterfaceOrientationLandscapeLeft UIInterfaceOrientationLandscapeRight";
				INFOPLIST_KEY_UISupportedInterfaceOrientations_iPhone = "UIInterfaceOrientationPortrait UIInterfaceOrientationLandscapeLeft UIInterfaceOrientationLandscapeRight";
				LD_RUNPATH_SEARCH_PATHS = (
					"$(inherited)",
					"@executable_path/Frameworks",
				);
				MARKETING_VERSION = 1.0;
				PRODUCT_BUNDLE_IDENTIFIER = youcef.devhub.YassirPartner;
				PRODUCT_NAME = "$(TARGET_NAME)";
				SWIFT_EMIT_LOC_STRINGS = YES;
				SWIFT_VERSION = 5.0;
				TARGETED_DEVICE_FAMILY = "1,2";
			};
			name = Debug;
		};
		FA2950E62BF9ED0B001BD6EF /* Release */ = {
			isa = XCBuildConfiguration;
			buildSettings = {
				ASSETCATALOG_COMPILER_APPICON_NAME = AppIcon;
				ASSETCATALOG_COMPILER_GLOBAL_ACCENT_COLOR_NAME = AccentColor;
				CODE_SIGN_STYLE = Automatic;
				CURRENT_PROJECT_VERSION = 1;
				DEVELOPMENT_ASSET_PATHS = "\"YassirPartner/Preview Content\"";
				DEVELOPMENT_TEAM = 4S9KHKZW78;
				ENABLE_PREVIEWS = YES;
				GENERATE_INFOPLIST_FILE = YES;
				INFOPLIST_KEY_UIApplicationSceneManifest_Generation = YES;
				INFOPLIST_KEY_UIApplicationSupportsIndirectInputEvents = YES;
				INFOPLIST_KEY_UILaunchScreen_Generation = YES;
				INFOPLIST_KEY_UISupportedInterfaceOrientations_iPad = "UIInterfaceOrientationPortrait UIInterfaceOrientationPortraitUpsideDown UIInterfaceOrientationLandscapeLeft UIInterfaceOrientationLandscapeRight";
				INFOPLIST_KEY_UISupportedInterfaceOrientations_iPhone = "UIInterfaceOrientationPortrait UIInterfaceOrientationLandscapeLeft UIInterfaceOrientationLandscapeRight";
				LD_RUNPATH_SEARCH_PATHS = (
					"$(inherited)",
					"@executable_path/Frameworks",
				);
				MARKETING_VERSION = 1.0;
				PRODUCT_BUNDLE_IDENTIFIER = youcef.devhub.YassirPartner;
				PRODUCT_NAME = "$(TARGET_NAME)";
				SWIFT_EMIT_LOC_STRINGS = YES;
				SWIFT_VERSION = 5.0;
				TARGETED_DEVICE_FAMILY = "1,2";
			};
			name = Release;
		};
/* End XCBuildConfiguration section */

/* Begin XCConfigurationList section */
		FA2950D12BF9ED08001BD6EF /* Build configuration list for PBXProject "YassirPartner" */ = {
			isa = XCConfigurationList;
			buildConfigurations = (
				FA2950E22BF9ED0B001BD6EF /* Debug */,
				FA2950E32BF9ED0B001BD6EF /* Release */,
			);
			defaultConfigurationIsVisible = 0;
			defaultConfigurationName = Release;
		};
		FA2950E42BF9ED0B001BD6EF /* Build configuration list for PBXNativeTarget "YassirPartner" */ = {
			isa = XCConfigurationList;
			buildConfigurations = (
				FA2950E52BF9ED0B001BD6EF /* Debug */,
				FA2950E62BF9ED0B001BD6EF /* Release */,
			);
			defaultConfigurationIsVisible = 0;
			defaultConfigurationName = Release;
		};
/* End XCConfigurationList section */

/* Begin XCRemoteSwiftPackageReference section */
		FA2950EF2BF9F48D001BD6EF /* XCRemoteSwiftPackageReference "ios-maps-sdk" */ = {
			isa = XCRemoteSwiftPackageReference;
			repositoryURL = "https://github.com/googlemaps/ios-maps-sdk.git";
			requirement = {
				kind = upToNextMajorVersion;
				minimumVersion = 8.4.0;
			};
		};
		FA2950F02BF9F4EC001BD6EF /* XCRemoteSwiftPackageReference "realm-swift" */ = {
			isa = XCRemoteSwiftPackageReference;
			repositoryURL = "https://github.com/realm/realm-swift.git";
			requirement = {
				branch = master;
				kind = branch;
			};
		};
/* End XCRemoteSwiftPackageReference section */

/* Begin XCSwiftPackageProductDependency section */
		FA2950F12BF9F4EC001BD6EF /* Realm */ = {
			isa = XCSwiftPackageProductDependency;
			package = FA2950F02BF9F4EC001BD6EF /* XCRemoteSwiftPackageReference "realm-swift" */;
			productName = Realm;
		};
		FA2950F32BF9F4EC001BD6EF /* RealmSwift */ = {
			isa = XCSwiftPackageProductDependency;
			package = FA2950F02BF9F4EC001BD6EF /* XCRemoteSwiftPackageReference "realm-swift" */;
			productName = RealmSwift;
		};
/* End XCSwiftPackageProductDependency section */
	};
	rootObject = FA2950CE2BF9ED08001BD6EF /* Project object */;
}
